
Microsoft Visual Studio Solution File, Format Version 12.00
# Visual Studio Version 16
VisualStudioVersion = 16.0.30002.166
MinimumVisualStudioVersion = 10.0.40219.1
Project("{FAE04EC0-301F-11D3-BF4B-00C04F79EFBC}") = "TP01Module02", "TP01Module02\TP01Module02.csproj", "{78C50B7C-07BF-496E-9019-5F7CE0F65E79}"
EndProject
Global
	GlobalSection(SolutionConfigurationPlatforms) = preSolution
		Debug|Any CPU = Debug|Any CPU
		Release|Any CPU = Release|Any CPU
	EndGlobalSection
	GlobalSection(ProjectConfigurationPlatforms) = postSolution
		{78C50B7C-07BF-496E-9019-5F7CE0F65E79}.Debug|Any CPU.ActiveCfg = Debug|Any CPU
		{78C50B7C-07BF-496E-9019-5F7CE0F65E79}.Debug|Any CPU.Build.0 = Debug|Any CPU
		{78C50B7C-07BF-496E-9019-5F7CE0F65E79}.Release|Any CPU.ActiveCfg = Release|Any CPU
		{78C50B7C-07BF-496E-9019-5F7CE0F65E79}.Release|Any CPU.Build.0 = Release|Any CPU
	EndGlobalSection
	GlobalSection(SolutionProperties) = preSolution
		HideSolutionNode = FALSE
	EndGlobalSection
	GlobalSection(ExtensibilityGlobals) = postSolution
		SolutionGuid = {C923D284-1314-452C-8E7E-6FF1C225B348}
	EndGlobalSection
EndGlobal
